
Microsoft Visual Studio Solution File, Format Version 12.00
# Visual Studio Version 17
VisualStudioVersion = 17.11.35312.102
MinimumVisualStudioVersion = 10.0.40219.1
Project("{FAE04EC0-301F-11D3-BF4B-00C04F79EFBC}") = "NCIAJobs", "NCIAJobs\NCIAJobs.csproj", "{7BCE6E40-1DA2-45DF-9088-2F4C5E75FBCF}"
EndProject
Global
	GlobalSection(SolutionConfigurationPlatforms) = preSolution
		Debug|Any CPU = Debug|Any CPU
		Release|Any CPU = Release|Any CPU
	EndGlobalSection
	GlobalSection(ProjectConfigurationPlatforms) = postSolution
		{7BCE6E40-1DA2-45DF-9088-2F4C5E75FBCF}.Debug|Any CPU.ActiveCfg = Debug|Any CPU
		{7BCE6E40-1DA2-45DF-9088-2F4C5E75FBCF}.Debug|Any CPU.Build.0 = Debug|Any CPU
		{7BCE6E40-1DA2-45DF-9088-2F4C5E75FBCF}.Release|Any CPU.ActiveCfg = Release|Any CPU
		{7BCE6E40-1DA2-45DF-9088-2F4C5E75FBCF}.Release|Any CPU.Build.0 = Release|Any CPU
	EndGlobalSection
	GlobalSection(SolutionProperties) = preSolution
		HideSolutionNode = FALSE
	EndGlobalSection
	GlobalSection(ExtensibilityGlobals) = postSolution
		SolutionGuid = {068C7537-48AF-4DE5-8017-9A47B96DF77D}
	EndGlobalSection
EndGlobal
